
Microsoft Visual Studio Solution File, Format Version 12.00
# Visual Studio Version 17
VisualStudioVersion = 17.9.34728.123
MinimumVisualStudioVersion = 10.0.40219.1
Project("{FAE04EC0-301F-11D3-BF4B-00C04F79EFBC}") = "DeliveryVHGP", "DeliveryVHGP\DeliveryVHGP.csproj", "{BD933B7B-57A0-43AE-A034-89251BDEE4F6}"
EndProject
Global
	GlobalSection(SolutionConfigurationPlatforms) = preSolution
		Debug|Any CPU = Debug|Any CPU
		Release|Any CPU = Release|Any CPU
	EndGlobalSection
	GlobalSection(ProjectConfigurationPlatforms) = postSolution
		{BD933B7B-57A0-43AE-A034-89251BDEE4F6}.Debug|Any CPU.ActiveCfg = Debug|Any CPU
		{BD933B7B-57A0-43AE-A034-89251BDEE4F6}.Debug|Any CPU.Build.0 = Debug|Any CPU
		{BD933B7B-57A0-43AE-A034-89251BDEE4F6}.Release|Any CPU.ActiveCfg = Release|Any CPU
		{BD933B7B-57A0-43AE-A034-89251BDEE4F6}.Release|Any CPU.Build.0 = Release|Any CPU
	EndGlobalSection
	GlobalSection(SolutionProperties) = preSolution
		HideSolutionNode = FALSE
	EndGlobalSection
	GlobalSection(ExtensibilityGlobals) = postSolution
		SolutionGuid = {D2E0938A-D993-4295-9A7D-08A51A966EC0}
	EndGlobalSection
EndGlobal
